
Microsoft Visual Studio Solution File, Format Version 12.00
# Visual Studio Version 17
VisualStudioVersion = 17.11.35222.181
MinimumVisualStudioVersion = 10.0.40219.1
Project("{FAE04EC0-301F-11D3-BF4B-00C04F79EFBC}") = "PokemonGame", "PokemonGame\PokemonGame.csproj", "{932F567C-9D0E-4697-8491-2B98F4F80D5E}"
EndProject
Project("{FAE04EC0-301F-11D3-BF4B-00C04F79EFBC}") = "PokemonGame.Core", "PokemonGame.Core\PokemonGame.Core.csproj", "{A3EB118F-33F6-4CC4-BF25-8B3D68544518}"
EndProject
Global
	GlobalSection(SolutionConfigurationPlatforms) = preSolution
		Debug|Any CPU = Debug|Any CPU
		Release|Any CPU = Release|Any CPU
	EndGlobalSection
	GlobalSection(ProjectConfigurationPlatforms) = postSolution
		{932F567C-9D0E-4697-8491-2B98F4F80D5E}.Debug|Any CPU.ActiveCfg = Debug|Any CPU
		{932F567C-9D0E-4697-8491-2B98F4F80D5E}.Debug|Any CPU.Build.0 = Debug|Any CPU
		{932F567C-9D0E-4697-8491-2B98F4F80D5E}.Release|Any CPU.ActiveCfg = Release|Any CPU
		{932F567C-9D0E-4697-8491-2B98F4F80D5E}.Release|Any CPU.Build.0 = Release|Any CPU
		{A3EB118F-33F6-4CC4-BF25-8B3D68544518}.Debug|Any CPU.ActiveCfg = Debug|Any CPU
		{A3EB118F-33F6-4CC4-BF25-8B3D68544518}.Debug|Any CPU.Build.0 = Debug|Any CPU
		{A3EB118F-33F6-4CC4-BF25-8B3D68544518}.Release|Any CPU.ActiveCfg = Release|Any CPU
		{A3EB118F-33F6-4CC4-BF25-8B3D68544518}.Release|Any CPU.Build.0 = Release|Any CPU
	EndGlobalSection
	GlobalSection(SolutionProperties) = preSolution
		HideSolutionNode = FALSE
	EndGlobalSection
	GlobalSection(ExtensibilityGlobals) = postSolution
		SolutionGuid = {F8D06C1F-C9D2-4EE4-9A42-FF0A47101843}
	EndGlobalSection
EndGlobal
